
Microsoft Visual Studio Solution File, Format Version 12.00
# Visual Studio Version 16
VisualStudioVersion = 16.0.30517.126
MinimumVisualStudioVersion = 10.0.40219.1
Project("{2150E333-8FDC-42A3-9474-1A3956D46DE8}") = "src", "src", "{BD4327BD-A22A-455B-9D26-603CEDCF6BC2}"
EndProject
Project("{9A19103F-16F7-4668-BE54-9A1E7A4F7556}") = "EQUIZY.API", "EQUIZY.API\EQUIZY.API.csproj", "{8F658198-B4FD-4D64-BD7D-9D0C5A402282}"
EndProject
Project("{9A19103F-16F7-4668-BE54-9A1E7A4F7556}") = "EQUIZY.Core", "EQUIZY.Core\EQUIZY.Core.csproj", "{9A0ECA81-B29F-4334-A2C1-E2792A1E184F}"
EndProject
Project("{9A19103F-16F7-4668-BE54-9A1E7A4F7556}") = "EQUIZY.Data", "EQUIZY.Data\EQUIZY.Data.csproj", "{60DF908E-A13C-4238-94F8-00FE5A3A335C}"
EndProject
Project("{9A19103F-16F7-4668-BE54-9A1E7A4F7556}") = "EQUIZY.DataMongoDB", "EQUIZY.DataMongoDB\EQUIZY.DataMongoDB.csproj", "{8E327CD2-365D-4EDF-A90C-27D22F89A621}"
EndProject
Project("{9A19103F-16F7-4668-BE54-9A1E7A4F7556}") = "EQUIZY.Services", "EQUIZY.Services\EQUIZY.Services.csproj", "{8D28D6CB-3BB5-4013-946E-5AA29632CC96}"
EndProject
Global
	GlobalSection(SolutionConfigurationPlatforms) = preSolution
		Debug|Any CPU = Debug|Any CPU
		Release|Any CPU = Release|Any CPU
	EndGlobalSection
	GlobalSection(ProjectConfigurationPlatforms) = postSolution
		{8F658198-B4FD-4D64-BD7D-9D0C5A402282}.Debug|Any CPU.ActiveCfg = Debug|Any CPU
		{8F658198-B4FD-4D64-BD7D-9D0C5A402282}.Debug|Any CPU.Build.0 = Debug|Any CPU
		{8F658198-B4FD-4D64-BD7D-9D0C5A402282}.Release|Any CPU.ActiveCfg = Release|Any CPU
		{8F658198-B4FD-4D64-BD7D-9D0C5A402282}.Release|Any CPU.Build.0 = Release|Any CPU
		{9A0ECA81-B29F-4334-A2C1-E2792A1E184F}.Debug|Any CPU.ActiveCfg = Debug|Any CPU
		{9A0ECA81-B29F-4334-A2C1-E2792A1E184F}.Debug|Any CPU.Build.0 = Debug|Any CPU
		{9A0ECA81-B29F-4334-A2C1-E2792A1E184F}.Release|Any CPU.ActiveCfg = Release|Any CPU
		{9A0ECA81-B29F-4334-A2C1-E2792A1E184F}.Release|Any CPU.Build.0 = Release|Any CPU
		{60DF908E-A13C-4238-94F8-00FE5A3A335C}.Debug|Any CPU.ActiveCfg = Debug|Any CPU
		{60DF908E-A13C-4238-94F8-00FE5A3A335C}.Debug|Any CPU.Build.0 = Debug|Any CPU
		{60DF908E-A13C-4238-94F8-00FE5A3A335C}.Release|Any CPU.ActiveCfg = Release|Any CPU
		{60DF908E-A13C-4238-94F8-00FE5A3A335C}.Release|Any CPU.Build.0 = Release|Any CPU
		{8E327CD2-365D-4EDF-A90C-27D22F89A621}.Debug|Any CPU.ActiveCfg = Debug|Any CPU
		{8E327CD2-365D-4EDF-A90C-27D22F89A621}.Debug|Any CPU.Build.0 = Debug|Any CPU
		{8E327CD2-365D-4EDF-A90C-27D22F89A621}.Release|Any CPU.ActiveCfg = Release|Any CPU
		{8E327CD2-365D-4EDF-A90C-27D22F89A621}.Release|Any CPU.Build.0 = Release|Any CPU
		{8D28D6CB-3BB5-4013-946E-5AA29632CC96}.Debug|Any CPU.ActiveCfg = Debug|Any CPU
		{8D28D6CB-3BB5-4013-946E-5AA29632CC96}.Debug|Any CPU.Build.0 = Debug|Any CPU
		{8D28D6CB-3BB5-4013-946E-5AA29632CC96}.Release|Any CPU.ActiveCfg = Release|Any CPU
		{8D28D6CB-3BB5-4013-946E-5AA29632CC96}.Release|Any CPU.Build.0 = Release|Any CPU
	EndGlobalSection
	GlobalSection(SolutionProperties) = preSolution
		HideSolutionNode = FALSE
	EndGlobalSection
	GlobalSection(NestedProjects) = preSolution
		{8F658198-B4FD-4D64-BD7D-9D0C5A402282} = {BD4327BD-A22A-455B-9D26-603CEDCF6BC2}
		{9A0ECA81-B29F-4334-A2C1-E2792A1E184F} = {BD4327BD-A22A-455B-9D26-603CEDCF6BC2}
		{60DF908E-A13C-4238-94F8-00FE5A3A335C} = {BD4327BD-A22A-455B-9D26-603CEDCF6BC2}
		{8E327CD2-365D-4EDF-A90C-27D22F89A621} = {BD4327BD-A22A-455B-9D26-603CEDCF6BC2}
		{8D28D6CB-3BB5-4013-946E-5AA29632CC96} = {BD4327BD-A22A-455B-9D26-603CEDCF6BC2}
	EndGlobalSection
	GlobalSection(ExtensibilityGlobals) = postSolution
		SolutionGuid = {F8F5BDD2-20FC-49FC-A76C-D443AEC0E394}
	EndGlobalSection
EndGlobal
